// !$*UTF8*$!
{
	archiveVersion = 1;
	classes = {
	};
	objectVersion = 50;
	objects = {

/* Begin PBXBuildFile section */
		562CAF0A26EECF7A005BACB3 /* cargurus_app_cloneApp.swift in Sources */ = {isa = PBXBuildFile; fileRef = 562CAF0926EECF7A005BACB3 /* cargurus_app_cloneApp.swift */; };
		562CAF0C26EECF7A005BACB3 /* ContentView.swift in Sources */ = {isa = PBXBuildFile; fileRef = 562CAF0B26EECF7A005BACB3 /* ContentView.swift */; };
		562CAF0E26EECF7B005BACB3 /* Assets.xcassets in Resources */ = {isa = PBXBuildFile; fileRef = 562CAF0D26EECF7B005BACB3 /* Assets.xcassets */; };
		562CAF1126EECF7B005BACB3 /* Preview Assets.xcassets in Resources */ = {isa = PBXBuildFile; fileRef = 562CAF1026EECF7B005BACB3 /* Preview Assets.xcassets */; };
		562CAF1C26EECF7B005BACB3 /* cargurus_app_cloneTests.swift in Sources */ = {isa = PBXBuildFile; fileRef = 562CAF1B26EECF7B005BACB3 /* cargurus_app_cloneTests.swift */; };
		562CAF2726EECF7B005BACB3 /* cargurus_app_cloneUITests.swift in Sources */ = {isa = PBXBuildFile; fileRef = 562CAF2626EECF7B005BACB3 /* cargurus_app_cloneUITests.swift */; };
/* End PBXBuildFile section */

/* Begin PBXContainerItemProxy section */
		562CAF1826EECF7B005BACB3 /* PBXContainerItemProxy */ = {
			isa = PBXContainerItemProxy;
			containerPortal = 562CAEFE26EECF7A005BACB3 /* Project object */;
			proxyType = 1;
			remoteGlobalIDString = 562CAF0526EECF7A005BACB3;
			remoteInfo = "cargurus-app-clone";
		};
		562CAF2326EECF7B005BACB3 /* PBXContainerItemProxy */ = {
			isa = PBXContainerItemProxy;
			containerPortal = 562CAEFE26EECF7A005BACB3 /* Project object */;
			proxyType = 1;
			remoteGlobalIDString = 562CAF0526EECF7A005BACB3;
			remoteInfo = "cargurus-app-clone";
		};
/* End PBXContainerItemProxy section */

/* Begin PBXFileReference section */
		562CAF0626EECF7A005BACB3 /* cargurus-app-clone.app */ = {isa = PBXFileReference; explicitFileType = wrapper.application; includeInIndex = 0; path = "cargurus-app-clone.app"; sourceTree = BUILT_PRODUCTS_DIR; };
		562CAF0926EECF7A005BACB3 /* cargurus_app_cloneApp.swift */ = {isa = PBXFileReference; lastKnownFileType = sourcecode.swift; path = cargurus_app_cloneApp.swift; sourceTree = "<group>"; };
		562CAF0B26EECF7A005BACB3 /* ContentView.swift */ = {isa = PBXFileReference; lastKnownFileType = sourcecode.swift; path = ContentView.swift; sourceTree = "<group>"; };
		562CAF0D26EECF7B005BACB3 /* Assets.xcassets */ = {isa = PBXFileReference; lastKnownFileType = folder.assetcatalog; path = Assets.xcassets; sourceTree = "<group>"; };
		562CAF1026EECF7B005BACB3 /* Preview Assets.xcassets */ = {isa = PBXFileReference; lastKnownFileType = folder.assetcatalog; path = "Preview Assets.xcassets"; sourceTree = "<group>"; };
		562CAF1226EECF7B005BACB3 /* Info.plist */ = {isa = PBXFileReference; lastKnownFileType = text.plist.xml; path = Info.plist; sourceTree = "<group>"; };
		562CAF1726EECF7B005BACB3 /* cargurus-app-cloneTests.xctest */ = {isa = PBXFileReference; explicitFileType = wrapper.cfbundle; includeInIndex = 0; path = "cargurus-app-cloneTests.xctest"; sourceTree = BUILT_PRODUCTS_DIR; };
		562CAF1B26EECF7B005BACB3 /* cargurus_app_cloneTests.swift */ = {isa = PBXFileReference; lastKnownFileType = sourcecode.swift; path = cargurus_app_cloneTests.swift; sourceTree = "<group>"; };
		562CAF1D26EECF7B005BACB3 /* Info.plist */ = {isa = PBXFileReference; lastKnownFileType = text.plist.xml; path = Info.plist; sourceTree = "<group>"; };
		562CAF2226EECF7B005BACB3 /* cargurus-app-cloneUITests.xctest */ = {isa = PBXFileReference; explicitFileType = wrapper.cfbundle; includeInIndex = 0; path = "cargurus-app-cloneUITests.xctest"; sourceTree = BUILT_PRODUCTS_DIR; };
		562CAF2626EECF7B005BACB3 /* cargurus_app_cloneUITests.swift */ = {isa = PBXFileReference; lastKnownFileType = sourcecode.swift; path = cargurus_app_cloneUITests.swift; sourceTree = "<group>"; };
		562CAF2826EECF7B005BACB3 /* Info.plist */ = {isa = PBXFileReference; lastKnownFileType = text.plist.xml; path = Info.plist; sourceTree = "<group>"; };
/* End PBXFileReference section */

/* Begin PBXFrameworksBuildPhase section */
		562CAF0326EECF7A005BACB3 /* Frameworks */ = {
			isa = PBXFrameworksBuildPhase;
			buildActionMask = 2147483647;
			files = (
			);
			runOnlyForDeploymentPostprocessing = 0;
		};
		562CAF1426EECF7B005BACB3 /* Frameworks */ = {
			isa = PBXFrameworksBuildPhase;
			buildActionMask = 2147483647;
			files = (
			);
			runOnlyForDeploymentPostprocessing = 0;
		};
		562CAF1F26EECF7B005BACB3 /* Frameworks */ = {
			isa = PBXFrameworksBuildPhase;
			buildActionMask = 2147483647;
			files = (
			);
			runOnlyForDeploymentPostprocessing = 0;
		};
/* End PBXFrameworksBuildPhase section */

/* Begin PBXGroup section */
		562CAEFD26EECF7A005BACB3 = {
			isa = PBXGroup;
			children = (
				562CAF0826EECF7A005BACB3 /* cargurus-app-clone */,
				562CAF1A26EECF7B005BACB3 /* cargurus-app-cloneTests */,
				562CAF2526EECF7B005BACB3 /* cargurus-app-cloneUITests */,
				562CAF0726EECF7A005BACB3 /* Products */,
			);
			sourceTree = "<group>";
		};
		562CAF0726EECF7A005BACB3 /* Products */ = {
			isa = PBXGroup;
			children = (
				562CAF0626EECF7A005BACB3 /* cargurus-app-clone.app */,
				562CAF1726EECF7B005BACB3 /* cargurus-app-cloneTests.xctest */,
				562CAF2226EECF7B005BACB3 /* cargurus-app-cloneUITests.xctest */,
			);
			name = Products;
			sourceTree = "<group>";
		};
		562CAF0826EECF7A005BACB3 /* cargurus-app-clone */ = {
			isa = PBXGroup;
			children = (
				562CAF0926EECF7A005BACB3 /* cargurus_app_cloneApp.swift */,
				562CAF0B26EECF7A005BACB3 /* ContentView.swift */,
				562CAF0D26EECF7B005BACB3 /* Assets.xcassets */,
				562CAF1226EECF7B005BACB3 /* Info.plist */,
				562CAF0F26EECF7B005BACB3 /* Preview Content */,
			);
			path = "cargurus-app-clone";
			sourceTree = "<group>";
		};
		562CAF0F26EECF7B005BACB3 /* Preview Content */ = {
			isa = PBXGroup;
			children = (
				562CAF1026EECF7B005BACB3 /* Preview Assets.xcassets */,
			);
			path = "Preview Content";
			sourceTree = "<group>";
		};
		562CAF1A26EECF7B005BACB3 /* cargurus-app-cloneTests */ = {
			isa = PBXGroup;
			children = (
				562CAF1B26EECF7B005BACB3 /* cargurus_app_cloneTests.swift */,
				562CAF1D26EECF7B005BACB3 /* Info.plist */,
			);
			path = "cargurus-app-cloneTests";
			sourceTree = "<group>";
		};
		562CAF2526EECF7B005BACB3 /* cargurus-app-cloneUITests */ = {
			isa = PBXGroup;
			children = (
				562CAF2626EECF7B005BACB3 /* cargurus_app_cloneUITests.swift */,
				562CAF2826EECF7B005BACB3 /* Info.plist */,
			);
			path = "cargurus-app-cloneUITests";
			sourceTree = "<group>";
		};
/* End PBXGroup section */

/* Begin PBXNativeTarget section */
		562CAF0526EECF7A005BACB3 /* cargurus-app-clone */ = {
			isa = PBXNativeTarget;
			buildConfigurationList = 562CAF2B26EECF7B005BACB3 /* Build configuration list for PBXNativeTarget "cargurus-app-clone" */;
			buildPhases = (
				562CAF0226EECF7A005BACB3 /* Sources */,
				562CAF0326EECF7A005BACB3 /* Frameworks */,
				562CAF0426EECF7A005BACB3 /* Resources */,
			);
			buildRules = (
			);
			dependencies = (
			);
			name = "cargurus-app-clone";
			productName = "cargurus-app-clone";
			productReference = 562CAF0626EECF7A005BACB3 /* cargurus-app-clone.app */;
			productType = "com.apple.product-type.application";
		};
		562CAF1626EECF7B005BACB3 /* cargurus-app-cloneTests */ = {
			isa = PBXNativeTarget;
			buildConfigurationList = 562CAF2E26EECF7B005BACB3 /* Build configuration list for PBXNativeTarget "cargurus-app-cloneTests" */;
			buildPhases = (
				562CAF1326EECF7B005BACB3 /* Sources */,
				562CAF1426EECF7B005BACB3 /* Frameworks */,
				562CAF1526EECF7B005BACB3 /* Resources */,
			);
			buildRules = (
			);
			dependencies = (
				562CAF1926EECF7B005BACB3 /* PBXTargetDependency */,
			);
			name = "cargurus-app-cloneTests";
			productName = "cargurus-app-cloneTests";
			productReference = 562CAF1726EECF7B005BACB3 /* cargurus-app-cloneTests.xctest */;
			productType = "com.apple.product-type.bundle.unit-test";
		};
		562CAF2126EECF7B005BACB3 /* cargurus-app-cloneUITests */ = {
			isa = PBXNativeTarget;
			buildConfigurationList = 562CAF3126EECF7B005BACB3 /* Build configuration list for PBXNativeTarget "cargurus-app-cloneUITests" */;
			buildPhases = (
				562CAF1E26EECF7B005BACB3 /* Sources */,
				562CAF1F26EECF7B005BACB3 /* Frameworks */,
				562CAF2026EECF7B005BACB3 /* Resources */,
			);
			buildRules = (
			);
			dependencies = (
				562CAF2426EECF7B005BACB3 /* PBXTargetDependency */,
			);
			name = "cargurus-app-cloneUITests";
			productName = "cargurus-app-cloneUITests";
			productReference = 562CAF2226EECF7B005BACB3 /* cargurus-app-cloneUITests.xctest */;
			productType = "com.apple.product-type.bundle.ui-testing";
		};
/* End PBXNativeTarget section */

/* Begin PBXProject section */
		562CAEFE26EECF7A005BACB3 /* Project object */ = {
			isa = PBXProject;
			attributes = {
				LastSwiftUpdateCheck = 1250;
				LastUpgradeCheck = 1250;
				TargetAttributes = {
					562CAF0526EECF7A005BACB3 = {
						CreatedOnToolsVersion = 12.5.1;
					};
					562CAF1626EECF7B005BACB3 = {
						CreatedOnToolsVersion = 12.5.1;
						TestTargetID = 562CAF0526EECF7A005BACB3;
					};
					562CAF2126EECF7B005BACB3 = {
						CreatedOnToolsVersion = 12.5.1;
						TestTargetID = 562CAF0526EECF7A005BACB3;
					};
				};
			};
			buildConfigurationList = 562CAF0126EECF7A005BACB3 /* Build configuration list for PBXProject "cargurus-app-clone" */;
			compatibilityVersion = "Xcode 9.3";
			developmentRegion = en;
			hasScannedForEncodings = 0;
			knownRegions = (
				en,
				Base,
			);
			mainGroup = 562CAEFD26EECF7A005BACB3;
			productRefGroup = 562CAF0726EECF7A005BACB3 /* Products */;
			projectDirPath = "";
			projectRoot = "";
			targets = (
				562CAF0526EECF7A005BACB3 /* cargurus-app-clone */,
				562CAF1626EECF7B005BACB3 /* cargurus-app-cloneTests */,
				562CAF2126EECF7B005BACB3 /* cargurus-app-cloneUITests */,
			);
		};
/* End PBXProject section */

/* Begin PBXResourcesBuildPhase section */
		562CAF0426EECF7A005BACB3 /* Resources */ = {
			isa = PBXResourcesBuildPhase;
			buildActionMask = 2147483647;
			files = (
				562CAF1126EECF7B005BACB3 /* Preview Assets.xcassets in Resources */,
				562CAF0E26EECF7B005BACB3 /* Assets.xcassets in Resources */,
			);
			runOnlyForDeploymentPostprocessing = 0;
		};
		562CAF1526EECF7B005BACB3 /* Resources */ = {
			isa = PBXResourcesBuildPhase;
			buildActionMask = 2147483647;
			files = (
			);
			runOnlyForDeploymentPostprocessing = 0;
		};
		562CAF2026EECF7B005BACB3 /* Resources */ = {
			isa = PBXResourcesBuildPhase;
			buildActionMask = 2147483647;
			files = (
			);
			runOnlyForDeploymentPostprocessing = 0;
		};
/* End PBXResourcesBuildPhase section */

/* Begin PBXSourcesBuildPhase section */
		562CAF0226EECF7A005BACB3 /* Sources */ = {
			isa = PBXSourcesBuildPhase;
			buildActionMask = 2147483647;
			files = (
				562CAF0C26EECF7A005BACB3 /* ContentView.swift in Sources */,
				562CAF0A26EECF7A005BACB3 /* cargurus_app_cloneApp.swift in Sources */,
			);
			runOnlyForDeploymentPostprocessing = 0;
		};
		562CAF1326EECF7B005BACB3 /* Sources */ = {
			isa = PBXSourcesBuildPhase;
			buildActionMask = 2147483647;
			files = (
				562CAF1C26EECF7B005BACB3 /* cargurus_app_cloneTests.swift in Sources */,
			);
			runOnlyForDeploymentPostprocessing = 0;
		};
		562CAF1E26EECF7B005BACB3 /* Sources */ = {
			isa = PBXSourcesBuildPhase;
			buildActionMask = 2147483647;
			files = (
				562CAF2726EECF7B005BACB3 /* cargurus_app_cloneUITests.swift in Sources */,
			);
			runOnlyForDeploymentPostprocessing = 0;
		};
/* End PBXSourcesBuildPhase section */

/* Begin PBXTargetDependency section */
		562CAF1926EECF7B005BACB3 /* PBXTargetDependency */ = {
			isa = PBXTargetDependency;
			target = 562CAF0526EECF7A005BACB3 /* cargurus-app-clone */;
			targetProxy = 562CAF1826EECF7B005BACB3 /* PBXContainerItemProxy */;
		};
		562CAF2426EECF7B005BACB3 /* PBXTargetDependency */ = {
			isa = PBXTargetDependency;
			target = 562CAF0526EECF7A005BACB3 /* cargurus-app-clone */;
			targetProxy = 562CAF2326EECF7B005BACB3 /* PBXContainerItemProxy */;
		};
/* End PBXTargetDependency section */

/* Begin XCBuildConfiguration section */
		562CAF2926EECF7B005BACB3 /* Debug */ = {
			isa = XCBuildConfiguration;
			buildSettings = {
				ALWAYS_SEARCH_USER_PATHS = NO;
				CLANG_ANALYZER_NONNULL = YES;
				CLANG_ANALYZER_NUMBER_OBJECT_CONVERSION = YES_AGGRESSIVE;
				CLANG_CXX_LANGUAGE_STANDARD = "gnu++14";
				CLANG_CXX_LIBRARY = "libc++";
				CLANG_ENABLE_MODULES = YES;
				CLANG_ENABLE_OBJC_ARC = YES;
				CLANG_ENABLE_OBJC_WEAK = YES;
				CLANG_WARN_BLOCK_CAPTURE_AUTORELEASING = YES;
				CLANG_WARN_BOOL_CONVERSION = YES;
				CLANG_WARN_COMMA = YES;
				CLANG_WARN_CONSTANT_CONVERSION = YES;
				CLANG_WARN_DEPRECATED_OBJC_IMPLEMENTATIONS = YES;
				CLANG_WARN_DIRECT_OBJC_ISA_USAGE = YES_ERROR;
				CLANG_WARN_DOCUMENTATION_COMMENTS = YES;
				CLANG_WARN_EMPTY_BODY = YES;
				CLANG_WARN_ENUM_CONVERSION = YES;
				CLANG_WARN_INFINITE_RECURSION = YES;
				CLANG_WARN_INT_CONVERSION = YES;
				CLANG_WARN_NON_LITERAL_NULL_CONVERSION = YES;
				CLANG_WARN_OBJC_IMPLICIT_RETAIN_SELF = YES;
				CLANG_WARN_OBJC_LITERAL_CONVERSION = YES;
				CLANG_WARN_OBJC_ROOT_CLASS = YES_ERROR;
				CLANG_WARN_QUOTED_INCLUDE_IN_FRAMEWORK_HEADER = YES;
				CLANG_WARN_RANGE_LOOP_ANALYSIS = YES;
				CLANG_WARN_STRICT_PROTOTYPES = YES;
				CLANG_WARN_SUSPICIOUS_MOVE = YES;
				CLANG_WARN_UNGUARDED_AVAILABILITY = YES_AGGRESSIVE;
				CLANG_WARN_UNREACHABLE_CODE = YES;
				CLANG_WARN__DUPLICATE_METHOD_MATCH = YES;
				COPY_PHASE_STRIP = NO;
				DEBUG_INFORMATION_FORMAT = dwarf;
				ENABLE_STRICT_OBJC_MSGSEND = YES;
				ENABLE_TESTABILITY = YES;
				GCC_C_LANGUAGE_STANDARD = gnu11;
				GCC_DYNAMIC_NO_PIC = NO;
				GCC_NO_COMMON_BLOCKS = YES;
				GCC_OPTIMIZATION_LEVEL = 0;
				GCC_PREPROCESSOR_DEFINITIONS = (
					"DEBUG=1",
					"$(inherited)",
				);
				GCC_WARN_64_TO_32_BIT_CONVERSION = YES;
				GCC_WARN_ABOUT_RETURN_TYPE = YES_ERROR;
				GCC_WARN_UNDECLARED_SELECTOR = YES;
				GCC_WARN_UNINITIALIZED_AUTOS = YES_AGGRESSIVE;
				GCC_WARN_UNUSED_FUNCTION = YES;
				GCC_WARN_UNUSED_VARIABLE = YES;
				IPHONEOS_DEPLOYMENT_TARGET = 14.5;
				MTL_ENABLE_DEBUG_INFO = INCLUDE_SOURCE;
				MTL_FAST_MATH = YES;
				ONLY_ACTIVE_ARCH = YES;
				SDKROOT = iphoneos;
				SWIFT_ACTIVE_COMPILATION_CONDITIONS = DEBUG;
				SWIFT_OPTIMIZATION_LEVEL = "-Onone";
			};
			name = Debug;
		};
		562CAF2A26EECF7B005BACB3 /* Release */ = {
			isa = XCBuildConfiguration;
			buildSettings = {
				ALWAYS_SEARCH_USER_PATHS = NO;
				CLANG_ANALYZER_NONNULL = YES;
				CLANG_ANALYZER_NUMBER_OBJECT_CONVERSION = YES_AGGRESSIVE;
				CLANG_CXX_LANGUAGE_STANDARD = "gnu++14";
				CLANG_CXX_LIBRARY = "libc++";
				CLANG_ENABLE_MODULES = YES;
				CLANG_ENABLE_OBJC_ARC = YES;
				CLANG_ENABLE_OBJC_WEAK = YES;
				CLANG_WARN_BLOCK_CAPTURE_AUTORELEASING = YES;
				CLANG_WARN_BOOL_CONVERSION = YES;
				CLANG_WARN_COMMA = YES;
				CLANG_WARN_CONSTANT_CONVERSION = YES;
				CLANG_WARN_DEPRECATED_OBJC_IMPLEMENTATIONS = YES;
				CLANG_WARN_DIRECT_OBJC_ISA_USAGE = YES_ERROR;
				CLANG_WARN_DOCUMENTATION_COMMENTS = YES;
				CLANG_WARN_EMPTY_BODY = YES;
				CLANG_WARN_ENUM_CONVERSION = YES;
				CLANG_WARN_INFINITE_RECURSION = YES;
				CLANG_WARN_INT_CONVERSION = YES;
				CLANG_WARN_NON_LITERAL_NULL_CONVERSION = YES;
				CLANG_WARN_OBJC_IMPLICIT_RETAIN_SELF = YES;
				CLANG_WARN_OBJC_LITERAL_CONVERSION = YES;
				CLANG_WARN_OBJC_ROOT_CLASS = YES_ERROR;
				CLANG_WARN_QUOTED_INCLUDE_IN_FRAMEWORK_HEADER = YES;
				CLANG_WARN_RANGE_LOOP_ANALYSIS = YES;
				CLANG_WARN_STRICT_PROTOTYPES = YES;
				CLANG_WARN_SUSPICIOUS_MOVE = YES;
				CLANG_WARN_UNGUARDED_AVAILABILITY = YES_AGGRESSIVE;
				CLANG_WARN_UNREACHABLE_CODE = YES;
				CLANG_WARN__DUPLICATE_METHOD_MATCH = YES;
				COPY_PHASE_STRIP = NO;
				DEBUG_INFORMATION_FORMAT = "dwarf-with-dsym";
				ENABLE_NS_ASSERTIONS = NO;
				ENABLE_STRICT_OBJC_MSGSEND = YES;
				GCC_C_LANGUAGE_STANDARD = gnu11;
				GCC_NO_COMMON_BLOCKS = YES;
				GCC_WARN_64_TO_32_BIT_CONVERSION = YES;
				GCC_WARN_ABOUT_RETURN_TYPE = YES_ERROR;
				GCC_WARN_UNDECLARED_SELECTOR = YES;
				GCC_WARN_UNINITIALIZED_AUTOS = YES_AGGRESSIVE;
				GCC_WARN_UNUSED_FUNCTION = YES;
				GCC_WARN_UNUSED_VARIABLE = YES;
				IPHONEOS_DEPLOYMENT_TARGET = 14.5;
				MTL_ENABLE_DEBUG_INFO = NO;
				MTL_FAST_MATH = YES;
				SDKROOT = iphoneos;
				SWIFT_COMPILATION_MODE = wholemodule;
				SWIFT_OPTIMIZATION_LEVEL = "-O";
				VALIDATE_PRODUCT = YES;
			};
			name = Release;
		};
		562CAF2C26EECF7B005BACB3 /* Debug */ = {
			isa = XCBuildConfiguration;
			buildSettings = {
				ASSETCATALOG_COMPILER_APPICON_NAME = AppIcon;
				ASSETCATALOG_COMPILER_GLOBAL_ACCENT_COLOR_NAME = AccentColor;
				CODE_SIGN_STYLE = Automatic;
				DEVELOPMENT_ASSET_PATHS = "\"cargurus-app-clone/Preview Content\"";
				DEVELOPMENT_TEAM = 5GJRDP873Y;
				ENABLE_PREVIEWS = YES;
				INFOPLIST_FILE = "cargurus-app-clone/Info.plist";
				IPHONEOS_DEPLOYMENT_TARGET = 14.0;
				LD_RUNPATH_SEARCH_PATHS = (
					"$(inherited)",
					"@executable_path/Frameworks",
				);
				PRODUCT_BUNDLE_IDENTIFIER = "com.DesperadoIndieDevelopers.cargurus-app-clone";
				PRODUCT_NAME = "$(TARGET_NAME)";
				SWIFT_VERSION = 5.0;
				TARGETED_DEVICE_FAMILY = "1,2";
			};
			name = Debug;
		};
		562CAF2D26EECF7B005BACB3 /* Release */ = {
			isa = XCBuildConfiguration;
			buildSettings = {
				ASSETCATALOG_COMPILER_APPICON_NAME = AppIcon;
				ASSETCATALOG_COMPILER_GLOBAL_ACCENT_COLOR_NAME = AccentColor;
				CODE_SIGN_STYLE = Automatic;
				DEVELOPMENT_ASSET_PATHS = "\"cargurus-app-clone/Preview Content\"";
				DEVELOPMENT_TEAM = 5GJRDP873Y;
				ENABLE_PREVIEWS = YES;
				INFOPLIST_FILE = "cargurus-app-clone/Info.plist";
				IPHONEOS_DEPLOYMENT_TARGET = 14.0;
				LD_RUNPATH_SEARCH_PATHS = (
					"$(inherited)",
					"@executable_path/Frameworks",
				);
				PRODUCT_BUNDLE_IDENTIFIER = "com.DesperadoIndieDevelopers.cargurus-app-clone";
				PRODUCT_NAME = "$(TARGET_NAME)";
				SWIFT_VERSION = 5.0;
				TARGETED_DEVICE_FAMILY = "1,2";
			};
			name = Release;
		};
		562CAF2F26EECF7B005BACB3 /* Debug */ = {
			isa = XCBuildConfiguration;
			buildSettings = {
				ALWAYS_EMBED_SWIFT_STANDARD_LIBRARIES = YES;
				BUNDLE_LOADER = "$(TEST_HOST)";
				CODE_SIGN_STYLE = Automatic;
				DEVELOPMENT_TEAM = 5GJRDP873Y;
				INFOPLIST_FILE = "cargurus-app-cloneTests/Info.plist";
				IPHONEOS_DEPLOYMENT_TARGET = 14.0;
				LD_RUNPATH_SEARCH_PATHS = (
					"$(inherited)",
					"@executable_path/Frameworks",
					"@loader_path/Frameworks",
				);
				PRODUCT_BUNDLE_IDENTIFIER = "com.DesperadoIndieDevelopers.cargurus-app-cloneTests";
				PRODUCT_NAME = "$(TARGET_NAME)";
				SWIFT_VERSION = 5.0;
				TARGETED_DEVICE_FAMILY = "1,2";
				TEST_HOST = "$(BUILT_PRODUCTS_DIR)/cargurus-app-clone.app/cargurus-app-clone";
			};
			name = Debug;
		};
		562CAF3026EECF7B005BACB3 /* Release */ = {
			isa = XCBuildConfiguration;
			buildSettings = {
				ALWAYS_EMBED_SWIFT_STANDARD_LIBRARIES = YES;
				BUNDLE_LOADER = "$(TEST_HOST)";
				CODE_SIGN_STYLE = Automatic;
				DEVELOPMENT_TEAM = 5GJRDP873Y;
				INFOPLIST_FILE = "cargurus-app-cloneTests/Info.plist";
				IPHONEOS_DEPLOYMENT_TARGET = 14.0;
				LD_RUNPATH_SEARCH_PATHS = (
					"$(inherited)",
					"@executable_path/Frameworks",
					"@loader_path/Frameworks",
				);
				PRODUCT_BUNDLE_IDENTIFIER = "com.DesperadoIndieDevelopers.cargurus-app-cloneTests";
				PRODUCT_NAME = "$(TARGET_NAME)";
				SWIFT_VERSION = 5.0;
				TARGETED_DEVICE_FAMILY = "1,2";
				TEST_HOST = "$(BUILT_PRODUCTS_DIR)/cargurus-app-clone.app/cargurus-app-clone";
			};
			name = Release;
		};
		562CAF3226EECF7B005BACB3 /* Debug */ = {
			isa = XCBuildConfiguration;
			buildSettings = {
				ALWAYS_EMBED_SWIFT_STANDARD_LIBRARIES = YES;
				CODE_SIGN_STYLE = Automatic;
				DEVELOPMENT_TEAM = 5GJRDP873Y;
				INFOPLIST_FILE = "cargurus-app-cloneUITests/Info.plist";
				LD_RUNPATH_SEARCH_PATHS = (
					"$(inherited)",
					"@executable_path/Frameworks",
					"@loader_path/Frameworks",
				);
				PRODUCT_BUNDLE_IDENTIFIER = "com.DesperadoIndieDevelopers.cargurus-app-cloneUITests";
				PRODUCT_NAME = "$(TARGET_NAME)";
				SWIFT_VERSION = 5.0;
				TARGETED_DEVICE_FAMILY = "1,2";
				TEST_TARGET_NAME = "cargurus-app-clone";
			};
			name = Debug;
		};
		562CAF3326EECF7B005BACB3 /* Release */ = {
			isa = XCBuildConfiguration;
			buildSettings = {
				ALWAYS_EMBED_SWIFT_STANDARD_LIBRARIES = YES;
				CODE_SIGN_STYLE = Automatic;
				DEVELOPMENT_TEAM = 5GJRDP873Y;
				INFOPLIST_FILE = "cargurus-app-cloneUITests/Info.plist";
				LD_RUNPATH_SEARCH_PATHS = (
					"$(inherited)",
					"@executable_path/Frameworks",
					"@loader_path/Frameworks",
				);
				PRODUCT_BUNDLE_IDENTIFIER = "com.DesperadoIndieDevelopers.cargurus-app-cloneUITests";
				PRODUCT_NAME = "$(TARGET_NAME)";
				SWIFT_VERSION = 5.0;
				TARGETED_DEVICE_FAMILY = "1,2";
				TEST_TARGET_NAME = "cargurus-app-clone";
			};
			name = Release;
		};
/* End XCBuildConfiguration section */

/* Begin XCConfigurationList section */
		562CAF0126EECF7A005BACB3 /* Build configuration list for PBXProject "cargurus-app-clone" */ = {
			isa = XCConfigurationList;
			buildConfigurations = (
				562CAF2926EECF7B005BACB3 /* Debug */,
				562CAF2A26EECF7B005BACB3 /* Release */,
			);
			defaultConfigurationIsVisible = 0;
			defaultConfigurationName = Release;
		};
		562CAF2B26EECF7B005BACB3 /* Build configuration list for PBXNativeTarget "cargurus-app-clone" */ = {
			isa = XCConfigurationList;
			buildConfigurations = (
				562CAF2C26EECF7B005BACB3 /* Debug */,
				562CAF2D26EECF7B005BACB3 /* Release */,
			);
			defaultConfigurationIsVisible = 0;
			defaultConfigurationName = Release;
		};
		562CAF2E26EECF7B005BACB3 /* Build configuration list for PBXNativeTarget "cargurus-app-cloneTests" */ = {
			isa = XCConfigurationList;
			buildConfigurations = (
				562CAF2F26EECF7B005BACB3 /* Debug */,
				562CAF3026EECF7B005BACB3 /* Release */,
			);
			defaultConfigurationIsVisible = 0;
			defaultConfigurationName = Release;
		};
		562CAF3126EECF7B005BACB3 /* Build configuration list for PBXNativeTarget "cargurus-app-cloneUITests" */ = {
			isa = XCConfigurationList;
			buildConfigurations = (
				562CAF3226EECF7B005BACB3 /* Debug */,
				562CAF3326EECF7B005BACB3 /* Release */,
			);
			defaultConfigurationIsVisible = 0;
			defaultConfigurationName = Release;
		};
/* End XCConfigurationList section */
	};
	rootObject = 562CAEFE26EECF7A005BACB3 /* Project object */;
}
